
Microsoft Visual Studio Solution File, Format Version 12.00
# Visual Studio 15
VisualStudioVersion = 15.0.28307.572
MinimumVisualStudioVersion = 10.0.40219.1
Project("{FAE04EC0-301F-11D3-BF4B-00C04F79EFBC}") = "LabNumber9", "LabNumber9\LabNumber9.csproj", "{2D27FE39-F110-4DCF-A80E-DF73359FBC97}"
EndProject
Global
	GlobalSection(SolutionConfigurationPlatforms) = preSolution
		Debug|Any CPU = Debug|Any CPU
		Release|Any CPU = Release|Any CPU
	EndGlobalSection
	GlobalSection(ProjectConfigurationPlatforms) = postSolution
		{2D27FE39-F110-4DCF-A80E-DF73359FBC97}.Debug|Any CPU.ActiveCfg = Debug|Any CPU
		{2D27FE39-F110-4DCF-A80E-DF73359FBC97}.Debug|Any CPU.Build.0 = Debug|Any CPU
		{2D27FE39-F110-4DCF-A80E-DF73359FBC97}.Release|Any CPU.ActiveCfg = Release|Any CPU
		{2D27FE39-F110-4DCF-A80E-DF73359FBC97}.Release|Any CPU.Build.0 = Release|Any CPU
	EndGlobalSection
	GlobalSection(SolutionProperties) = preSolution
		HideSolutionNode = FALSE
	EndGlobalSection
	GlobalSection(ExtensibilityGlobals) = postSolution
		SolutionGuid = {8B2F9112-A192-495B-A7FF-0610B84F51D5}
	EndGlobalSection
EndGlobal
